
Microsoft Visual Studio Solution File, Format Version 12.00
# Visual Studio 15
VisualStudioVersion = 15.0.28307.168
MinimumVisualStudioVersion = 10.0.40219.1
Project("{FAE04EC0-301F-11D3-BF4B-00C04F79EFBC}") = "QuizBackend", "QuizBackend\QuizBackend.csproj", "{B0A50189-C7D1-4770-AE51-2A17A5AA2841}"
EndProject
Global
	GlobalSection(SolutionConfigurationPlatforms) = preSolution
		Debug|Any CPU = Debug|Any CPU
		Release|Any CPU = Release|Any CPU
	EndGlobalSection
	GlobalSection(ProjectConfigurationPlatforms) = postSolution
		{B0A50189-C7D1-4770-AE51-2A17A5AA2841}.Debug|Any CPU.ActiveCfg = Debug|Any CPU
		{B0A50189-C7D1-4770-AE51-2A17A5AA2841}.Debug|Any CPU.Build.0 = Debug|Any CPU
		{B0A50189-C7D1-4770-AE51-2A17A5AA2841}.Release|Any CPU.ActiveCfg = Release|Any CPU
		{B0A50189-C7D1-4770-AE51-2A17A5AA2841}.Release|Any CPU.Build.0 = Release|Any CPU
	EndGlobalSection
	GlobalSection(SolutionProperties) = preSolution
		HideSolutionNode = FALSE
	EndGlobalSection
	GlobalSection(ExtensibilityGlobals) = postSolution
		SolutionGuid = {28732CE3-9AD7-40E3-98BF-C00DA470885B}
	EndGlobalSection
EndGlobal
